
Microsoft Visual Studio Solution File, Format Version 12.00
# Visual Studio 14
VisualStudioVersion = 14.0.24720.0
MinimumVisualStudioVersion = 10.0.40219.1
Project("{FAE04EC0-301F-11D3-BF4B-00C04F79EFBC}") = "Exercise01", "Exercise1\Exercise01.csproj", "{C8031868-9CF5-4C71-BFCB-CE45E12960D2}"
EndProject
Project("{FAE04EC0-301F-11D3-BF4B-00C04F79EFBC}") = "Exercise02", "..\Exercise2\Exercise02.csproj", "{AD059CDE-C1BB-4453-8D4C-FA4FDC41AEBC}"
EndProject
Project("{FAE04EC0-301F-11D3-BF4B-00C04F79EFBC}") = "Exercise03A", "..\Exercise3\Exercise03A.csproj", "{38CC4F72-D5BA-415E-8E10-96678ED0AAC8}"
EndProject
Project("{FAE04EC0-301F-11D3-BF4B-00C04F79EFBC}") = "Exercise03B", "..\Exercise3B\Exercise03B.csproj", "{00AB51E2-1990-4287-ABDF-B3A35449BDB8}"
EndProject
Project("{FAE04EC0-301F-11D3-BF4B-00C04F79EFBC}") = "Exercise03C", "..\Exercise3C\Exercise03C.csproj", "{BA425C46-5E16-421C-9665-E1E8CA220600}"
EndProject
Project("{FAE04EC0-301F-11D3-BF4B-00C04F79EFBC}") = "Exercise03A 1.2", "..\Exercise3A 1.2\Exercise03A 1.2.csproj", "{964DE417-1B61-45F8-A157-224E70EEF39E}"
EndProject
Project("{FAE04EC0-301F-11D3-BF4B-00C04F79EFBC}") = "Exercise04 MyATM", "..\Exercise4\Exercise04 MyATM.csproj", "{EBF4204B-3C58-4FCC-A1D6-47B1543C2B56}"
EndProject
Project("{FAE04EC0-301F-11D3-BF4B-00C04F79EFBC}") = "Exercise05", "..\Exercise5\Exercise05.csproj", "{329F8D81-65D0-4D15-A736-0B225D003C32}"
EndProject
Project("{FAE04EC0-301F-11D3-BF4B-00C04F79EFBC}") = "Exercise08", "..\Exercise8\Exercise08.csproj", "{43C1D6A8-E023-4132-B922-B5AA54CFA95B}"
EndProject
Project("{FAE04EC0-301F-11D3-BF4B-00C04F79EFBC}") = "Exercise09", "..\Exercise9\Exercise09.csproj", "{F12962C1-AC2F-4FEA-B560-59883B8A22F7}"
EndProject
Project("{FAE04EC0-301F-11D3-BF4B-00C04F79EFBC}") = "Exercise10", "..\Exercise10\Exercise10.csproj", "{86CCAF9A-0601-478E-848D-D5109E24C04D}"
EndProject
Project("{FAE04EC0-301F-11D3-BF4B-00C04F79EFBC}") = "Exercise11", "..\Exercise11\Exercise11.csproj", "{9842A177-6E84-4A2E-8E4F-2E16C375259F}"
EndProject
Project("{FAE04EC0-301F-11D3-BF4B-00C04F79EFBC}") = "Exercise12", "..\Exercise12\Exercise12.csproj", "{11B03567-C197-4E62-8DB1-DD92A6FE83DC}"
EndProject
Project("{FAE04EC0-301F-11D3-BF4B-00C04F79EFBC}") = "Extra02 - 03", "..\Extra02\Extra02 - 03.csproj", "{33417F96-5836-47CD-8FAB-89A01D831056}"
EndProject
Project("{FAE04EC0-301F-11D3-BF4B-00C04F79EFBC}") = "Exercise13", "..\Exercise13\Exercise13.csproj", "{DDD0A2B4-0237-4DE0-9F32-A6A49DFE163D}"
EndProject
Project("{FAE04EC0-301F-11D3-BF4B-00C04F79EFBC}") = "ExtraMod04", "..\ExtraMod4\ExtraMod04.csproj", "{F120D0FD-AB9F-4A6D-B2E7-979D440B647B}"
EndProject
Project("{FAE04EC0-301F-11D3-BF4B-00C04F79EFBC}") = "ExtraMod4.2 string input", "..\EtraMod4.2 string input\ExtraMod4.2 string input.csproj", "{6050C093-7DCF-4762-B51F-8E2BB8D9751E}"
EndProject
Project("{FAE04EC0-301F-11D3-BF4B-00C04F79EFBC}") = "Extra 5 Lists", "..\Extra 5 Lists\Extra 5 Lists.csproj", "{EC116E6A-F785-40B6-9DAA-E58DB1BAC8CB}"
EndProject
Project("{FAE04EC0-301F-11D3-BF4B-00C04F79EFBC}") = "Exercise14", "..\Exercise14\Exercise14.csproj", "{A0D16DA3-1B25-40B4-8AC9-EB9FF57BB27D}"
EndProject
Project("{FAE04EC0-301F-11D3-BF4B-00C04F79EFBC}") = "Exercise22", "..\Exercise22\Exercise22.csproj", "{F6A82095-FA5F-4478-B4BA-8D53708CAB37}"
EndProject
Project("{FAE04EC0-301F-11D3-BF4B-00C04F79EFBC}") = "Exercise23A", "..\Exercise23A\Exercise23A.csproj", "{E445512C-E134-4739-96EC-16C24D2B1A64}"
EndProject
Project("{FAE04EC0-301F-11D3-BF4B-00C04F79EFBC}") = "Exercise15", "..\Exercise15\Exercise15.csproj", "{2C508D99-DD71-4D18-8BBB-C8B31B0BB64A}"
EndProject
Project("{FAE04EC0-301F-11D3-BF4B-00C04F79EFBC}") = "Exercise16", "..\Exercise16\Exercise16.csproj", "{C70EF2F1-8D28-40BC-8A3B-96278EB6A2F8}"
EndProject
Project("{FAE04EC0-301F-11D3-BF4B-00C04F79EFBC}") = "Exercise17", "..\Exercise17\Exercise17.csproj", "{52C16B82-0DEB-4252-B4AD-06D0CDDAB639}"
EndProject
Project("{FAE04EC0-301F-11D3-BF4B-00C04F79EFBC}") = "Exercise18", "..\Exercise18\Exercise18.csproj", "{2DF900E8-A26C-470A-A0A7-980400314BDD}"
EndProject
Global
	GlobalSection(SolutionConfigurationPlatforms) = preSolution
		Debug|Any CPU = Debug|Any CPU
		Release|Any CPU = Release|Any CPU
	EndGlobalSection
	GlobalSection(ProjectConfigurationPlatforms) = postSolution
		{C8031868-9CF5-4C71-BFCB-CE45E12960D2}.Debug|Any CPU.ActiveCfg = Debug|Any CPU
		{C8031868-9CF5-4C71-BFCB-CE45E12960D2}.Debug|Any CPU.Build.0 = Debug|Any CPU
		{C8031868-9CF5-4C71-BFCB-CE45E12960D2}.Release|Any CPU.ActiveCfg = Release|Any CPU
		{C8031868-9CF5-4C71-BFCB-CE45E12960D2}.Release|Any CPU.Build.0 = Release|Any CPU
		{AD059CDE-C1BB-4453-8D4C-FA4FDC41AEBC}.Debug|Any CPU.ActiveCfg = Debug|Any CPU
		{AD059CDE-C1BB-4453-8D4C-FA4FDC41AEBC}.Debug|Any CPU.Build.0 = Debug|Any CPU
		{AD059CDE-C1BB-4453-8D4C-FA4FDC41AEBC}.Release|Any CPU.ActiveCfg = Release|Any CPU
		{AD059CDE-C1BB-4453-8D4C-FA4FDC41AEBC}.Release|Any CPU.Build.0 = Release|Any CPU
		{38CC4F72-D5BA-415E-8E10-96678ED0AAC8}.Debug|Any CPU.ActiveCfg = Debug|Any CPU
		{38CC4F72-D5BA-415E-8E10-96678ED0AAC8}.Debug|Any CPU.Build.0 = Debug|Any CPU
		{38CC4F72-D5BA-415E-8E10-96678ED0AAC8}.Release|Any CPU.ActiveCfg = Release|Any CPU
		{38CC4F72-D5BA-415E-8E10-96678ED0AAC8}.Release|Any CPU.Build.0 = Release|Any CPU
		{00AB51E2-1990-4287-ABDF-B3A35449BDB8}.Debug|Any CPU.ActiveCfg = Debug|Any CPU
		{00AB51E2-1990-4287-ABDF-B3A35449BDB8}.Debug|Any CPU.Build.0 = Debug|Any CPU
		{00AB51E2-1990-4287-ABDF-B3A35449BDB8}.Release|Any CPU.ActiveCfg = Release|Any CPU
		{00AB51E2-1990-4287-ABDF-B3A35449BDB8}.Release|Any CPU.Build.0 = Release|Any CPU
		{BA425C46-5E16-421C-9665-E1E8CA220600}.Debug|Any CPU.ActiveCfg = Debug|Any CPU
		{BA425C46-5E16-421C-9665-E1E8CA220600}.Debug|Any CPU.Build.0 = Debug|Any CPU
		{BA425C46-5E16-421C-9665-E1E8CA220600}.Release|Any CPU.ActiveCfg = Release|Any CPU
		{BA425C46-5E16-421C-9665-E1E8CA220600}.Release|Any CPU.Build.0 = Release|Any CPU
		{964DE417-1B61-45F8-A157-224E70EEF39E}.Debug|Any CPU.ActiveCfg = Debug|Any CPU
		{964DE417-1B61-45F8-A157-224E70EEF39E}.Debug|Any CPU.Build.0 = Debug|Any CPU
		{964DE417-1B61-45F8-A157-224E70EEF39E}.Release|Any CPU.ActiveCfg = Release|Any CPU
		{964DE417-1B61-45F8-A157-224E70EEF39E}.Release|Any CPU.Build.0 = Release|Any CPU
		{EBF4204B-3C58-4FCC-A1D6-47B1543C2B56}.Debug|Any CPU.ActiveCfg = Debug|Any CPU
		{EBF4204B-3C58-4FCC-A1D6-47B1543C2B56}.Debug|Any CPU.Build.0 = Debug|Any CPU
		{EBF4204B-3C58-4FCC-A1D6-47B1543C2B56}.Release|Any CPU.ActiveCfg = Release|Any CPU
		{EBF4204B-3C58-4FCC-A1D6-47B1543C2B56}.Release|Any CPU.Build.0 = Release|Any CPU
		{329F8D81-65D0-4D15-A736-0B225D003C32}.Debug|Any CPU.ActiveCfg = Debug|Any CPU
		{329F8D81-65D0-4D15-A736-0B225D003C32}.Debug|Any CPU.Build.0 = Debug|Any CPU
		{329F8D81-65D0-4D15-A736-0B225D003C32}.Release|Any CPU.ActiveCfg = Release|Any CPU
		{329F8D81-65D0-4D15-A736-0B225D003C32}.Release|Any CPU.Build.0 = Release|Any CPU
		{43C1D6A8-E023-4132-B922-B5AA54CFA95B}.Debug|Any CPU.ActiveCfg = Debug|Any CPU
		{43C1D6A8-E023-4132-B922-B5AA54CFA95B}.Debug|Any CPU.Build.0 = Debug|Any CPU
		{43C1D6A8-E023-4132-B922-B5AA54CFA95B}.Release|Any CPU.ActiveCfg = Release|Any CPU
		{43C1D6A8-E023-4132-B922-B5AA54CFA95B}.Release|Any CPU.Build.0 = Release|Any CPU
		{F12962C1-AC2F-4FEA-B560-59883B8A22F7}.Debug|Any CPU.ActiveCfg = Debug|Any CPU
		{F12962C1-AC2F-4FEA-B560-59883B8A22F7}.Debug|Any CPU.Build.0 = Debug|Any CPU
		{F12962C1-AC2F-4FEA-B560-59883B8A22F7}.Release|Any CPU.ActiveCfg = Release|Any CPU
		{F12962C1-AC2F-4FEA-B560-59883B8A22F7}.Release|Any CPU.Build.0 = Release|Any CPU
		{86CCAF9A-0601-478E-848D-D5109E24C04D}.Debug|Any CPU.ActiveCfg = Debug|Any CPU
		{86CCAF9A-0601-478E-848D-D5109E24C04D}.Debug|Any CPU.Build.0 = Debug|Any CPU
		{86CCAF9A-0601-478E-848D-D5109E24C04D}.Release|Any CPU.ActiveCfg = Release|Any CPU
		{86CCAF9A-0601-478E-848D-D5109E24C04D}.Release|Any CPU.Build.0 = Release|Any CPU
		{9842A177-6E84-4A2E-8E4F-2E16C375259F}.Debug|Any CPU.ActiveCfg = Debug|Any CPU
		{9842A177-6E84-4A2E-8E4F-2E16C375259F}.Debug|Any CPU.Build.0 = Debug|Any CPU
		{9842A177-6E84-4A2E-8E4F-2E16C375259F}.Release|Any CPU.ActiveCfg = Release|Any CPU
		{9842A177-6E84-4A2E-8E4F-2E16C375259F}.Release|Any CPU.Build.0 = Release|Any CPU
		{11B03567-C197-4E62-8DB1-DD92A6FE83DC}.Debug|Any CPU.ActiveCfg = Debug|Any CPU
		{11B03567-C197-4E62-8DB1-DD92A6FE83DC}.Debug|Any CPU.Build.0 = Debug|Any CPU
		{11B03567-C197-4E62-8DB1-DD92A6FE83DC}.Release|Any CPU.ActiveCfg = Release|Any CPU
		{11B03567-C197-4E62-8DB1-DD92A6FE83DC}.Release|Any CPU.Build.0 = Release|Any CPU
		{33417F96-5836-47CD-8FAB-89A01D831056}.Debug|Any CPU.ActiveCfg = Debug|Any CPU
		{33417F96-5836-47CD-8FAB-89A01D831056}.Debug|Any CPU.Build.0 = Debug|Any CPU
		{33417F96-5836-47CD-8FAB-89A01D831056}.Release|Any CPU.ActiveCfg = Release|Any CPU
		{33417F96-5836-47CD-8FAB-89A01D831056}.Release|Any CPU.Build.0 = Release|Any CPU
		{DDD0A2B4-0237-4DE0-9F32-A6A49DFE163D}.Debug|Any CPU.ActiveCfg = Debug|Any CPU
		{DDD0A2B4-0237-4DE0-9F32-A6A49DFE163D}.Debug|Any CPU.Build.0 = Debug|Any CPU
		{DDD0A2B4-0237-4DE0-9F32-A6A49DFE163D}.Release|Any CPU.ActiveCfg = Release|Any CPU
		{DDD0A2B4-0237-4DE0-9F32-A6A49DFE163D}.Release|Any CPU.Build.0 = Release|Any CPU
		{F120D0FD-AB9F-4A6D-B2E7-979D440B647B}.Debug|Any CPU.ActiveCfg = Debug|Any CPU
		{F120D0FD-AB9F-4A6D-B2E7-979D440B647B}.Debug|Any CPU.Build.0 = Debug|Any CPU
		{F120D0FD-AB9F-4A6D-B2E7-979D440B647B}.Release|Any CPU.ActiveCfg = Release|Any CPU
		{F120D0FD-AB9F-4A6D-B2E7-979D440B647B}.Release|Any CPU.Build.0 = Release|Any CPU
		{6050C093-7DCF-4762-B51F-8E2BB8D9751E}.Debug|Any CPU.ActiveCfg = Debug|Any CPU
		{6050C093-7DCF-4762-B51F-8E2BB8D9751E}.Debug|Any CPU.Build.0 = Debug|Any CPU
		{6050C093-7DCF-4762-B51F-8E2BB8D9751E}.Release|Any CPU.ActiveCfg = Release|Any CPU
		{6050C093-7DCF-4762-B51F-8E2BB8D9751E}.Release|Any CPU.Build.0 = Release|Any CPU
		{EC116E6A-F785-40B6-9DAA-E58DB1BAC8CB}.Debug|Any CPU.ActiveCfg = Debug|Any CPU
		{EC116E6A-F785-40B6-9DAA-E58DB1BAC8CB}.Debug|Any CPU.Build.0 = Debug|Any CPU
		{EC116E6A-F785-40B6-9DAA-E58DB1BAC8CB}.Release|Any CPU.ActiveCfg = Release|Any CPU
		{EC116E6A-F785-40B6-9DAA-E58DB1BAC8CB}.Release|Any CPU.Build.0 = Release|Any CPU
		{A0D16DA3-1B25-40B4-8AC9-EB9FF57BB27D}.Debug|Any CPU.ActiveCfg = Debug|Any CPU
		{A0D16DA3-1B25-40B4-8AC9-EB9FF57BB27D}.Debug|Any CPU.Build.0 = Debug|Any CPU
		{A0D16DA3-1B25-40B4-8AC9-EB9FF57BB27D}.Release|Any CPU.ActiveCfg = Release|Any CPU
		{A0D16DA3-1B25-40B4-8AC9-EB9FF57BB27D}.Release|Any CPU.Build.0 = Release|Any CPU
		{F6A82095-FA5F-4478-B4BA-8D53708CAB37}.Debug|Any CPU.ActiveCfg = Debug|Any CPU
		{F6A82095-FA5F-4478-B4BA-8D53708CAB37}.Debug|Any CPU.Build.0 = Debug|Any CPU
		{F6A82095-FA5F-4478-B4BA-8D53708CAB37}.Release|Any CPU.ActiveCfg = Release|Any CPU
		{F6A82095-FA5F-4478-B4BA-8D53708CAB37}.Release|Any CPU.Build.0 = Release|Any CPU
		{E445512C-E134-4739-96EC-16C24D2B1A64}.Debug|Any CPU.ActiveCfg = Debug|Any CPU
		{E445512C-E134-4739-96EC-16C24D2B1A64}.Debug|Any CPU.Build.0 = Debug|Any CPU
		{E445512C-E134-4739-96EC-16C24D2B1A64}.Release|Any CPU.ActiveCfg = Release|Any CPU
		{E445512C-E134-4739-96EC-16C24D2B1A64}.Release|Any CPU.Build.0 = Release|Any CPU
		{2C508D99-DD71-4D18-8BBB-C8B31B0BB64A}.Debug|Any CPU.ActiveCfg = Debug|Any CPU
		{2C508D99-DD71-4D18-8BBB-C8B31B0BB64A}.Debug|Any CPU.Build.0 = Debug|Any CPU
		{2C508D99-DD71-4D18-8BBB-C8B31B0BB64A}.Release|Any CPU.ActiveCfg = Release|Any CPU
		{2C508D99-DD71-4D18-8BBB-C8B31B0BB64A}.Release|Any CPU.Build.0 = Release|Any CPU
		{C70EF2F1-8D28-40BC-8A3B-96278EB6A2F8}.Debug|Any CPU.ActiveCfg = Debug|Any CPU
		{C70EF2F1-8D28-40BC-8A3B-96278EB6A2F8}.Debug|Any CPU.Build.0 = Debug|Any CPU
		{C70EF2F1-8D28-40BC-8A3B-96278EB6A2F8}.Release|Any CPU.ActiveCfg = Release|Any CPU
		{C70EF2F1-8D28-40BC-8A3B-96278EB6A2F8}.Release|Any CPU.Build.0 = Release|Any CPU
		{52C16B82-0DEB-4252-B4AD-06D0CDDAB639}.Debug|Any CPU.ActiveCfg = Debug|Any CPU
		{52C16B82-0DEB-4252-B4AD-06D0CDDAB639}.Debug|Any CPU.Build.0 = Debug|Any CPU
		{52C16B82-0DEB-4252-B4AD-06D0CDDAB639}.Release|Any CPU.ActiveCfg = Release|Any CPU
		{52C16B82-0DEB-4252-B4AD-06D0CDDAB639}.Release|Any CPU.Build.0 = Release|Any CPU
		{2DF900E8-A26C-470A-A0A7-980400314BDD}.Debug|Any CPU.ActiveCfg = Debug|Any CPU
		{2DF900E8-A26C-470A-A0A7-980400314BDD}.Debug|Any CPU.Build.0 = Debug|Any CPU
		{2DF900E8-A26C-470A-A0A7-980400314BDD}.Release|Any CPU.ActiveCfg = Release|Any CPU
		{2DF900E8-A26C-470A-A0A7-980400314BDD}.Release|Any CPU.Build.0 = Release|Any CPU
	EndGlobalSection
	GlobalSection(SolutionProperties) = preSolution
		HideSolutionNode = FALSE
	EndGlobalSection
EndGlobal
